
Microsoft Visual Studio Solution File, Format Version 12.00
# Visual Studio Version 17
VisualStudioVersion = 17.8.34330.188
MinimumVisualStudioVersion = 10.0.40219.1
Project("{9A19103F-16F7-4668-BE54-9A1E7A4F7556}") = "MyMusic.Services", "MyMusic.Services.csproj", "{06EDE415-1613-46E4-90C2-0C4EF539097C}"
EndProject
Global
	GlobalSection(SolutionConfigurationPlatforms) = preSolution
		Debug|Any CPU = Debug|Any CPU
		Release|Any CPU = Release|Any CPU
	EndGlobalSection
	GlobalSection(ProjectConfigurationPlatforms) = postSolution
		{06EDE415-1613-46E4-90C2-0C4EF539097C}.Debug|Any CPU.ActiveCfg = Debug|Any CPU
		{06EDE415-1613-46E4-90C2-0C4EF539097C}.Debug|Any CPU.Build.0 = Debug|Any CPU
		{06EDE415-1613-46E4-90C2-0C4EF539097C}.Release|Any CPU.ActiveCfg = Release|Any CPU
		{06EDE415-1613-46E4-90C2-0C4EF539097C}.Release|Any CPU.Build.0 = Release|Any CPU
	EndGlobalSection
	GlobalSection(SolutionProperties) = preSolution
		HideSolutionNode = FALSE
	EndGlobalSection
	GlobalSection(ExtensibilityGlobals) = postSolution
		SolutionGuid = {AA235A9B-B5DA-4161-92EE-DE661D6C4B50}
	EndGlobalSection
EndGlobal
